# THIS IS AN AUTOGENERATED FILE. DO NOT EDIT THIS FILE DIRECTLY.
# yarn lockfile v1


uview-ui@1.8.7:
  version "1.8.7"
  resolved "https://registry.npmmirror.com/uview-ui/-/uview-ui-1.8.7.tgz#e5b8868c0bce203ca1ae0300cbf378f8ffeb0793"
  integrity sha512-5oOGf6NHiSTCj6/dklKjm8LCSJ7kov3azWEcloEYTTf2Mv+cbov/aARc/8QR0ce6y1hqEtwK/YkBkP+OVKuaWw==
